// !$*UTF8*$!
{
	archiveVersion = 1;
	classes = {
	};
	objectVersion = 54;
	objects = {

/* Begin PBXBuildFile section */
		00E356F31AD99517003FC87E /* FudMongerTests.m in Sources */ = {isa = PBXBuildFile; fileRef = 00E356F21AD99517003FC87E /* FudMongerTests.m */; };
		018D78950C124DC596A35F70 /* SF-Pro-Display-Bold.otf in Resources */ = {isa = PBXBuildFile; fileRef = E190B001C4144D058F0EFFA2 /* SF-Pro-Display-Bold.otf */; };
		03352D2B334D453F9DEA125A /* drinks.png in Resources */ = {isa = PBXBuildFile; fileRef = FF8A8CA976C34ECA970659FE /* drinks.png */; };
		05D93025FDC14ACEAC0644B6 /* menu-soup.png in Resources */ = {isa = PBXBuildFile; fileRef = AD651795C76D4A3291D2D948 /* menu-soup.png */; };
		05DA300F4E3F4CEE861916A6 /* menu-combos.png in Resources */ = {isa = PBXBuildFile; fileRef = FD934168BADE4A0691CABFDB /* menu-combos.png */; };
		0C80B921A6F3F58F76C31292 /* libPods-FudMonger.a in Frameworks */ = {isa = PBXBuildFile; fileRef = 5DCACB8F33CDC322A6C60F78 /* libPods-FudMonger.a */; };
		13B07FBC1A68108700A75B9A /* AppDelegate.mm in Sources */ = {isa = PBXBuildFile; fileRef = 13B07FB01A68108700A75B9A /* AppDelegate.mm */; };
		13B07FBF1A68108700A75B9A /* Images.xcassets in Resources */ = {isa = PBXBuildFile; fileRef = 13B07FB51A68108700A75B9A /* Images.xcassets */; };
		13B07FC11A68108700A75B9A /* main.m in Sources */ = {isa = PBXBuildFile; fileRef = 13B07FB71A68108700A75B9A /* main.m */; };
		160A75BCB8FF43489EC0CC45 /* Avenir-Next-W04-Demi.ttf in Resources */ = {isa = PBXBuildFile; fileRef = 26D1DE97C271477D8D46C618 /* Avenir-Next-W04-Demi.ttf */; };
		17612E88A0444C5C97A24E37 /* pizza.png in Resources */ = {isa = PBXBuildFile; fileRef = BF0EC485727641CF96BB4623 /* pizza.png */; };
		17B160DED06B49E8B0BE1C33 /* Avenir-Next-W10-Medium.ttf in Resources */ = {isa = PBXBuildFile; fileRef = 8A2A32123477478D9CC80627 /* Avenir-Next-W10-Medium.ttf */; };
		17CEF52CD0CC480494A7FD30 /* IntroSlide2.svg in Resources */ = {isa = PBXBuildFile; fileRef = 955FDE8B3082486FBC09B17B /* IntroSlide2.svg */; };
		1DC7188A69C54803AF721CDA /* jollof-rice-big.png in Resources */ = {isa = PBXBuildFile; fileRef = 3697D840E69E4D6A8BD2A25A /* jollof-rice-big.png */; };
		22AA0838EA754698BDFFBAFD /* pounded-yam.png in Resources */ = {isa = PBXBuildFile; fileRef = A763389E6E1843AE9CD4375F /* pounded-yam.png */; };
		2559010062EA450BA642A2CB /* SFPro-Regular.otf in Resources */ = {isa = PBXBuildFile; fileRef = 655C416AE76F4350A1EA1230 /* SFPro-Regular.otf */; };
		25CDF877D4D44500BDB531D2 /* IntroSlide1.svg in Resources */ = {isa = PBXBuildFile; fileRef = 1F27C93220AD4A3193BA1A8F /* IntroSlide1.svg */; };
		2635FE27DBEC44E0856B43CF /* swallows.png in Resources */ = {isa = PBXBuildFile; fileRef = 91DD4246194E4989BDE76AB8 /* swallows.png */; };
		28FBCF072EFE4906A585047D /* Avenir-Medium.ttf in Resources */ = {isa = PBXBuildFile; fileRef = ECABDE240D524526A3EE2325 /* Avenir-Medium.ttf */; };
		30ADD2E2C0944661B60C40B0 /* menu-italian-dish.png in Resources */ = {isa = PBXBuildFile; fileRef = 9CCB016BA3FB4071AC5546D5 /* menu-italian-dish.png */; };
		3E0066BA8BEC478BB492083F /* BROmega-SemiBold.ttf in Resources */ = {isa = PBXBuildFile; fileRef = 0B806D9040F547DD87A4CAA0 /* BROmega-SemiBold.ttf */; };
		4000265F03DF4D8C948129CB /* BROmega-Medium.ttf in Resources */ = {isa = PBXBuildFile; fileRef = AF7691CBBA45400F9A643646 /* BROmega-Medium.ttf */; };
		4529104A4BAF438B905A3ABD /* burger.png in Resources */ = {isa = PBXBuildFile; fileRef = 779DC7E5E49D43DD8CAE4CF2 /* burger.png */; };
		45420A0A407A41AF97445FC9 /* SFPro-Bold.otf in Resources */ = {isa = PBXBuildFile; fileRef = ACEEA44183724CC4B85FAC4E /* SFPro-Bold.otf */; };
		465508EE4F1F40B5A4649250 /* user.png in Resources */ = {isa = PBXBuildFile; fileRef = 334B29B3CF574007BBDB70DC /* user.png */; };
		4A4338644D45473BAAB5B262 /* Avenir-Next-W06-Bold.ttf in Resources */ = {isa = PBXBuildFile; fileRef = 0E4FC97B68D34D5CA90DAF89 /* Avenir-Next-W06-Bold.ttf */; };
		4B043BFE6208416B8ADEA3A5 /* Avenir-Bold.ttf in Resources */ = {isa = PBXBuildFile; fileRef = 1D420EE1C13941CBAA20DABE /* Avenir-Bold.ttf */; };
		4C594F8BDA2947E8BD52689E /* SFPro-Semibold.otf in Resources */ = {isa = PBXBuildFile; fileRef = A80ADDC72270489D83ADBDB5 /* SFPro-Semibold.otf */; };
		52EE1C48E9C442FF8386C9B2 /* Avenir-DemiBold.ttf in Resources */ = {isa = PBXBuildFile; fileRef = F38A2E3D4D60485E92AC0207 /* Avenir-DemiBold.ttf */; };
		5412E19D39444B1C9AA94D21 /* Avenir-Regular.ttf in Resources */ = {isa = PBXBuildFile; fileRef = 54952C5ED55E47599EE1513E /* Avenir-Regular.ttf */; };
		5D4CFE4A6C304E5083974F65 /* fast-foods.png in Resources */ = {isa = PBXBuildFile; fileRef = E2152DDA7CB94D2A99401ABA /* fast-foods.png */; };
		5F735322536F4F3D9D63FF88 /* BR-Omega-Medium.ttf in Resources */ = {isa = PBXBuildFile; fileRef = 788F5B34AEB34FEE90D5BA65 /* BR-Omega-Medium.ttf */; };
		6257D0D9419945C7BD0D573C /* Group 322.svg in Resources */ = {isa = PBXBuildFile; fileRef = FB3EC40CBD8946EC9C90D069 /* Group 322.svg */; };
		6CCDD97AE9EC46D3A06F5194 /* advertImage.png in Resources */ = {isa = PBXBuildFile; fileRef = 25BF10FB2CE74CCEA109DE41 /* advertImage.png */; };
		7699B88040F8A987B510C191 /* libPods-FudMonger-FudMongerTests.a in Frameworks */ = {isa = PBXBuildFile; fileRef = 19F6CBCC0A4E27FBF8BF4A61 /* libPods-FudMonger-FudMongerTests.a */; };
		81AB9BB82411601600AC10FF /* LaunchScreen.storyboard in Resources */ = {isa = PBXBuildFile; fileRef = 81AB9BB72411601600AC10FF /* LaunchScreen.storyboard */; };
		87DBA5738279440AAC1DC515 /* noodles.png in Resources */ = {isa = PBXBuildFile; fileRef = CC832644E3414857B7AE77B4 /* noodles.png */; };
		8989D955A0BD4406B03DD570 /* BR-Omega-SemiBold.ttf in Resources */ = {isa = PBXBuildFile; fileRef = 0AD24141C6E3468B9D1045C8 /* BR-Omega-SemiBold.ttf */; };
		8ACE16A0DB2441E5A2FEB99C /* BR-Omega-Regular.ttf in Resources */ = {isa = PBXBuildFile; fileRef = 0CFC7D167EE2449FB45140C4 /* BR-Omega-Regular.ttf */; };
		916ABEA585C348BF80EA3BD5 /* Avenir-Next-Font.ttf in Resources */ = {isa = PBXBuildFile; fileRef = A3DA1A72506F4E528D71DD7F /* Avenir-Next-Font.ttf */; };
		A670B8929F294197A8D4E95D /* IntroSlide3.svg in Resources */ = {isa = PBXBuildFile; fileRef = BD81AD8AEFFC4A0F920BA427 /* IntroSlide3.svg */; };
		A693724A5D7F4A3690BEA130 /* BROmega-Regular.ttf in Resources */ = {isa = PBXBuildFile; fileRef = 9D07BFC8067B4C2AB1742079 /* BROmega-Regular.ttf */; };
		B271B80E97C94D45BEE61F4A /* menu-sea-food.png in Resources */ = {isa = PBXBuildFile; fileRef = 1EAAB8DE20EF4F8E974AE6E2 /* menu-sea-food.png */; };
		B6953A43B8F04AF5B33AD7F7 /* SF-Pro-Display-Regular.otf in Resources */ = {isa = PBXBuildFile; fileRef = 679FFB8AAF914EFB898DA398 /* SF-Pro-Display-Regular.otf */; };
		BB2F60E3F8AA40AF96D89C73 /* jollof-rice.png in Resources */ = {isa = PBXBuildFile; fileRef = A4B7712489FB4779B49B858A /* jollof-rice.png */; };
		CB47F7E4B93E498E98E73B42 /* pounded-yam-big2.png in Resources */ = {isa = PBXBuildFile; fileRef = A9A31F1A80D84FE08BEC32A9 /* pounded-yam-big2.png */; };
		CF94A39E7FE74BECA152DC89 /* pounded-yam-big.png in Resources */ = {isa = PBXBuildFile; fileRef = D54B7E6CD7A446D4BF11717B /* pounded-yam-big.png */; };
		DEAE8F24BE8B45BE86B21DD8 /* Rectangle 19.svg in Resources */ = {isa = PBXBuildFile; fileRef = 17A4CCD0F13E420BA0D71F3E /* Rectangle 19.svg */; };
		F2DFF777F61F4AFE8F6ABBA9 /* SF-Pro-Display-Semibold.otf in Resources */ = {isa = PBXBuildFile; fileRef = 6C4921054ECF4A19A7629E07 /* SF-Pro-Display-Semibold.otf */; };
		F4785F9B8A97432EBF9E5690 /* menu-vegetable.png in Resources */ = {isa = PBXBuildFile; fileRef = F5D911DEF7D44BA0BC82B96B /* menu-vegetable.png */; };
		FE24739F69B740E2A06F7248 /* user2.jpg in Resources */ = {isa = PBXBuildFile; fileRef = 530127BFB1674998A0A39DD2 /* user2.jpg */; };
		FFFB91CE233D4EFFBE5985FE /* food-info-bg.png in Resources */ = {isa = PBXBuildFile; fileRef = EB2502942069497F92B12A8E /* food-info-bg.png */; };
/* End PBXBuildFile section */

/* Begin PBXContainerItemProxy section */
		00E356F41AD99517003FC87E /* PBXContainerItemProxy */ = {
			isa = PBXContainerItemProxy;
			containerPortal = 83CBB9F71A601CBA00E9B192 /* Project object */;
			proxyType = 1;
			remoteGlobalIDString = 13B07F861A680F5B00A75B9A;
			remoteInfo = FudMonger;
		};
/* End PBXContainerItemProxy section */

/* Begin PBXFileReference section */
		00E356EE1AD99517003FC87E /* FudMongerTests.xctest */ = {isa = PBXFileReference; explicitFileType = wrapper.cfbundle; includeInIndex = 0; path = FudMongerTests.xctest; sourceTree = BUILT_PRODUCTS_DIR; };
		00E356F11AD99517003FC87E /* Info.plist */ = {isa = PBXFileReference; lastKnownFileType = text.plist.xml; path = Info.plist; sourceTree = "<group>"; };
		00E356F21AD99517003FC87E /* FudMongerTests.m */ = {isa = PBXFileReference; lastKnownFileType = sourcecode.c.objc; path = FudMongerTests.m; sourceTree = "<group>"; };
		04507A3928CD9DFD00408DBE /* Ionicons.ttf */ = {isa = PBXFileReference; lastKnownFileType = file; path = Ionicons.ttf; sourceTree = "<group>"; };
		04507A3A28CD9DFD00408DBE /* Foundation.ttf */ = {isa = PBXFileReference; lastKnownFileType = file; path = Foundation.ttf; sourceTree = "<group>"; };
		04507A3B28CD9DFD00408DBE /* AntDesign.ttf */ = {isa = PBXFileReference; lastKnownFileType = file; path = AntDesign.ttf; sourceTree = "<group>"; };
		04507A3C28CD9DFD00408DBE /* FontAwesome5_Brands.ttf */ = {isa = PBXFileReference; lastKnownFileType = file; path = FontAwesome5_Brands.ttf; sourceTree = "<group>"; };
		04507A3D28CD9DFD00408DBE /* EvilIcons.ttf */ = {isa = PBXFileReference; lastKnownFileType = file; path = EvilIcons.ttf; sourceTree = "<group>"; };
		04507A3E28CD9DFD00408DBE /* FontAwesome5_Solid.ttf */ = {isa = PBXFileReference; lastKnownFileType = file; path = FontAwesome5_Solid.ttf; sourceTree = "<group>"; };
		04507A3F28CD9DFD00408DBE /* Octicons.ttf */ = {isa = PBXFileReference; lastKnownFileType = file; path = Octicons.ttf; sourceTree = "<group>"; };
		04507A4028CD9DFD00408DBE /* Fontisto.ttf */ = {isa = PBXFileReference; lastKnownFileType = file; path = Fontisto.ttf; sourceTree = "<group>"; };
		04507A4128CD9DFD00408DBE /* Zocial.ttf */ = {isa = PBXFileReference; lastKnownFileType = file; path = Zocial.ttf; sourceTree = "<group>"; };
		04507A4228CD9DFD00408DBE /* FontAwesome5_Regular.ttf */ = {isa = PBXFileReference; lastKnownFileType = file; path = FontAwesome5_Regular.ttf; sourceTree = "<group>"; };
		04507A4328CD9DFD00408DBE /* Entypo.ttf */ = {isa = PBXFileReference; lastKnownFileType = file; path = Entypo.ttf; sourceTree = "<group>"; };
		04507A4428CD9DFD00408DBE /* FontAwesome.ttf */ = {isa = PBXFileReference; lastKnownFileType = file; path = FontAwesome.ttf; sourceTree = "<group>"; };
		04507A4528CD9DFD00408DBE /* Feather.ttf */ = {isa = PBXFileReference; lastKnownFileType = file; path = Feather.ttf; sourceTree = "<group>"; };
		04507A4628CD9DFD00408DBE /* SimpleLineIcons.ttf */ = {isa = PBXFileReference; lastKnownFileType = file; path = SimpleLineIcons.ttf; sourceTree = "<group>"; };
		04507A4728CD9DFD00408DBE /* MaterialCommunityIcons.ttf */ = {isa = PBXFileReference; lastKnownFileType = file; path = MaterialCommunityIcons.ttf; sourceTree = "<group>"; };
		04507A4828CD9DFD00408DBE /* MaterialIcons.ttf */ = {isa = PBXFileReference; lastKnownFileType = file; path = MaterialIcons.ttf; sourceTree = "<group>"; };
		0AD24141C6E3468B9D1045C8 /* BR-Omega-SemiBold.ttf */ = {isa = PBXFileReference; explicitFileType = undefined; fileEncoding = 9; includeInIndex = 0; lastKnownFileType = unknown; name = "BR-Omega-SemiBold.ttf"; path = "../src/assets/fonts/BR-Omega-SemiBold.ttf"; sourceTree = "<group>"; };
		0B806D9040F547DD87A4CAA0 /* BROmega-SemiBold.ttf */ = {isa = PBXFileReference; explicitFileType = undefined; fileEncoding = 9; includeInIndex = 0; lastKnownFileType = unknown; name = "BROmega-SemiBold.ttf"; path = "../src/assets/fonts/New folder/BROmega-SemiBold.ttf"; sourceTree = "<group>"; };
		0CFC7D167EE2449FB45140C4 /* BR-Omega-Regular.ttf */ = {isa = PBXFileReference; explicitFileType = undefined; fileEncoding = 9; includeInIndex = 0; lastKnownFileType = unknown; name = "BR-Omega-Regular.ttf"; path = "../src/assets/fonts/BR-Omega-Regular.ttf"; sourceTree = "<group>"; };
		0E4FC97B68D34D5CA90DAF89 /* Avenir-Next-W06-Bold.ttf */ = {isa = PBXFileReference; explicitFileType = undefined; fileEncoding = 9; includeInIndex = 0; lastKnownFileType = unknown; name = "Avenir-Next-W06-Bold.ttf"; path = "../src/assets/fonts/Avenir-Next-W06-Bold.ttf"; sourceTree = "<group>"; };
		13B07F961A680F5B00A75B9A /* FudMonger.app */ = {isa = PBXFileReference; explicitFileType = wrapper.application; includeInIndex = 0; path = FudMonger.app; sourceTree = BUILT_PRODUCTS_DIR; };
		13B07FAF1A68108700A75B9A /* AppDelegate.h */ = {isa = PBXFileReference; fileEncoding = 4; lastKnownFileType = sourcecode.c.h; name = AppDelegate.h; path = FudMonger/AppDelegate.h; sourceTree = "<group>"; };
		13B07FB01A68108700A75B9A /* AppDelegate.mm */ = {isa = PBXFileReference; fileEncoding = 4; lastKnownFileType = sourcecode.cpp.objcpp; name = AppDelegate.mm; path = FudMonger/AppDelegate.mm; sourceTree = "<group>"; };
		13B07FB51A68108700A75B9A /* Images.xcassets */ = {isa = PBXFileReference; lastKnownFileType = folder.assetcatalog; name = Images.xcassets; path = FudMonger/Images.xcassets; sourceTree = "<group>"; };
		13B07FB61A68108700A75B9A /* Info.plist */ = {isa = PBXFileReference; fileEncoding = 4; lastKnownFileType = text.plist.xml; name = Info.plist; path = FudMonger/Info.plist; sourceTree = "<group>"; };
		13B07FB71A68108700A75B9A /* main.m */ = {isa = PBXFileReference; fileEncoding = 4; lastKnownFileType = sourcecode.c.objc; name = main.m; path = FudMonger/main.m; sourceTree = "<group>"; };
		17A4CCD0F13E420BA0D71F3E /* Rectangle 19.svg */ = {isa = PBXFileReference; explicitFileType = undefined; fileEncoding = 9; includeInIndex = 0; lastKnownFileType = unknown; name = "Rectangle 19.svg"; path = "../src/assets/svgs/Rectangle 19.svg"; sourceTree = "<group>"; };
		19F6CBCC0A4E27FBF8BF4A61 /* libPods-FudMonger-FudMongerTests.a */ = {isa = PBXFileReference; explicitFileType = archive.ar; includeInIndex = 0; path = "libPods-FudMonger-FudMongerTests.a"; sourceTree = BUILT_PRODUCTS_DIR; };
		1D420EE1C13941CBAA20DABE /* Avenir-Bold.ttf */ = {isa = PBXFileReference; explicitFileType = undefined; fileEncoding = 9; includeInIndex = 0; lastKnownFileType = unknown; name = "Avenir-Bold.ttf"; path = "../src/assets/fonts/New folder/Avenir-Bold.ttf"; sourceTree = "<group>"; };
		1EAAB8DE20EF4F8E974AE6E2 /* menu-sea-food.png */ = {isa = PBXFileReference; explicitFileType = undefined; fileEncoding = 9; includeInIndex = 0; lastKnownFileType = unknown; name = "menu-sea-food.png"; path = "../src/assets/images/menu-sea-food.png"; sourceTree = "<group>"; };
		1F27C93220AD4A3193BA1A8F /* IntroSlide1.svg */ = {isa = PBXFileReference; explicitFileType = undefined; fileEncoding = 9; includeInIndex = 0; lastKnownFileType = unknown; name = IntroSlide1.svg; path = ../src/assets/svgs/IntroSlide1.svg; sourceTree = "<group>"; };
		25BF10FB2CE74CCEA109DE41 /* advertImage.png */ = {isa = PBXFileReference; explicitFileType = undefined; fileEncoding = 9; includeInIndex = 0; lastKnownFileType = unknown; name = advertImage.png; path = ../src/assets/images/advertImage.png; sourceTree = "<group>"; };
		26D1DE97C271477D8D46C618 /* Avenir-Next-W04-Demi.ttf */ = {isa = PBXFileReference; explicitFileType = undefined; fileEncoding = 9; includeInIndex = 0; lastKnownFileType = unknown; name = "Avenir-Next-W04-Demi.ttf"; path = "../src/assets/fonts/Avenir-Next-W04-Demi.ttf"; sourceTree = "<group>"; };
		334B29B3CF574007BBDB70DC /* user.png */ = {isa = PBXFileReference; explicitFileType = undefined; fileEncoding = 9; includeInIndex = 0; lastKnownFileType = unknown; name = user.png; path = ../src/assets/images/user.png; sourceTree = "<group>"; };
		3697D840E69E4D6A8BD2A25A /* jollof-rice-big.png */ = {isa = PBXFileReference; explicitFileType = undefined; fileEncoding = 9; includeInIndex = 0; lastKnownFileType = unknown; name = "jollof-rice-big.png"; path = "../src/assets/images/jollof-rice-big.png"; sourceTree = "<group>"; };
		3B4392A12AC88292D35C810B /* Pods-FudMonger.debug.xcconfig */ = {isa = PBXFileReference; includeInIndex = 1; lastKnownFileType = text.xcconfig; name = "Pods-FudMonger.debug.xcconfig"; path = "Target Support Files/Pods-FudMonger/Pods-FudMonger.debug.xcconfig"; sourceTree = "<group>"; };
		530127BFB1674998A0A39DD2 /* user2.jpg */ = {isa = PBXFileReference; explicitFileType = undefined; fileEncoding = 9; includeInIndex = 0; lastKnownFileType = unknown; name = user2.jpg; path = ../src/assets/images/user2.jpg; sourceTree = "<group>"; };
		54952C5ED55E47599EE1513E /* Avenir-Regular.ttf */ = {isa = PBXFileReference; explicitFileType = undefined; fileEncoding = 9; includeInIndex = 0; lastKnownFileType = unknown; name = "Avenir-Regular.ttf"; path = "../src/assets/fonts/New folder/Avenir-Regular.ttf"; sourceTree = "<group>"; };
		5709B34CF0A7D63546082F79 /* Pods-FudMonger.release.xcconfig */ = {isa = PBXFileReference; includeInIndex = 1; lastKnownFileType = text.xcconfig; name = "Pods-FudMonger.release.xcconfig"; path = "Target Support Files/Pods-FudMonger/Pods-FudMonger.release.xcconfig"; sourceTree = "<group>"; };
		5B7EB9410499542E8C5724F5 /* Pods-FudMonger-FudMongerTests.debug.xcconfig */ = {isa = PBXFileReference; includeInIndex = 1; lastKnownFileType = text.xcconfig; name = "Pods-FudMonger-FudMongerTests.debug.xcconfig"; path = "Target Support Files/Pods-FudMonger-FudMongerTests/Pods-FudMonger-FudMongerTests.debug.xcconfig"; sourceTree = "<group>"; };
		5DCACB8F33CDC322A6C60F78 /* libPods-FudMonger.a */ = {isa = PBXFileReference; explicitFileType = archive.ar; includeInIndex = 0; path = "libPods-FudMonger.a"; sourceTree = BUILT_PRODUCTS_DIR; };
		655C416AE76F4350A1EA1230 /* SFPro-Regular.otf */ = {isa = PBXFileReference; explicitFileType = undefined; fileEncoding = 9; includeInIndex = 0; lastKnownFileType = unknown; name = "SFPro-Regular.otf"; path = "../src/assets/fonts/New folder/SFPro-Regular.otf"; sourceTree = "<group>"; };
		679FFB8AAF914EFB898DA398 /* SF-Pro-Display-Regular.otf */ = {isa = PBXFileReference; explicitFileType = undefined; fileEncoding = 9; includeInIndex = 0; lastKnownFileType = unknown; name = "SF-Pro-Display-Regular.otf"; path = "../src/assets/fonts/SF-Pro-Display-Regular.otf"; sourceTree = "<group>"; };
		6C4921054ECF4A19A7629E07 /* SF-Pro-Display-Semibold.otf */ = {isa = PBXFileReference; explicitFileType = undefined; fileEncoding = 9; includeInIndex = 0; lastKnownFileType = unknown; name = "SF-Pro-Display-Semibold.otf"; path = "../src/assets/fonts/SF-Pro-Display-Semibold.otf"; sourceTree = "<group>"; };
		779DC7E5E49D43DD8CAE4CF2 /* burger.png */ = {isa = PBXFileReference; explicitFileType = undefined; fileEncoding = 9; includeInIndex = 0; lastKnownFileType = unknown; name = burger.png; path = ../src/assets/images/burger.png; sourceTree = "<group>"; };
		788F5B34AEB34FEE90D5BA65 /* BR-Omega-Medium.ttf */ = {isa = PBXFileReference; explicitFileType = undefined; fileEncoding = 9; includeInIndex = 0; lastKnownFileType = unknown; name = "BR-Omega-Medium.ttf"; path = "../src/assets/fonts/BR-Omega-Medium.ttf"; sourceTree = "<group>"; };
		81AB9BB72411601600AC10FF /* LaunchScreen.storyboard */ = {isa = PBXFileReference; fileEncoding = 4; lastKnownFileType = file.storyboard; name = LaunchScreen.storyboard; path = FudMonger/LaunchScreen.storyboard; sourceTree = "<group>"; };
		89C6BE57DB24E9ADA2F236DE /* Pods-FudMonger-FudMongerTests.release.xcconfig */ = {isa = PBXFileReference; includeInIndex = 1; lastKnownFileType = text.xcconfig; name = "Pods-FudMonger-FudMongerTests.release.xcconfig"; path = "Target Support Files/Pods-FudMonger-FudMongerTests/Pods-FudMonger-FudMongerTests.release.xcconfig"; sourceTree = "<group>"; };
		8A2A32123477478D9CC80627 /* Avenir-Next-W10-Medium.ttf */ = {isa = PBXFileReference; explicitFileType = undefined; fileEncoding = 9; includeInIndex = 0; lastKnownFileType = unknown; name = "Avenir-Next-W10-Medium.ttf"; path = "../src/assets/fonts/Avenir-Next-W10-Medium.ttf"; sourceTree = "<group>"; };
		91DD4246194E4989BDE76AB8 /* swallows.png */ = {isa = PBXFileReference; explicitFileType = undefined; fileEncoding = 9; includeInIndex = 0; lastKnownFileType = unknown; name = swallows.png; path = ../src/assets/images/swallows.png; sourceTree = "<group>"; };
		955FDE8B3082486FBC09B17B /* IntroSlide2.svg */ = {isa = PBXFileReference; explicitFileType = undefined; fileEncoding = 9; includeInIndex = 0; lastKnownFileType = unknown; name = IntroSlide2.svg; path = ../src/assets/svgs/IntroSlide2.svg; sourceTree = "<group>"; };
		9CCB016BA3FB4071AC5546D5 /* menu-italian-dish.png */ = {isa = PBXFileReference; explicitFileType = undefined; fileEncoding = 9; includeInIndex = 0; lastKnownFileType = unknown; name = "menu-italian-dish.png"; path = "../src/assets/images/menu-italian-dish.png"; sourceTree = "<group>"; };
		9D07BFC8067B4C2AB1742079 /* BROmega-Regular.ttf */ = {isa = PBXFileReference; explicitFileType = undefined; fileEncoding = 9; includeInIndex = 0; lastKnownFileType = unknown; name = "BROmega-Regular.ttf"; path = "../src/assets/fonts/New folder/BROmega-Regular.ttf"; sourceTree = "<group>"; };
		A3DA1A72506F4E528D71DD7F /* Avenir-Next-Font.ttf */ = {isa = PBXFileReference; explicitFileType = undefined; fileEncoding = 9; includeInIndex = 0; lastKnownFileType = unknown; name = "Avenir-Next-Font.ttf"; path = "../src/assets/fonts/Avenir-Next-Font.ttf"; sourceTree = "<group>"; };
		A4B7712489FB4779B49B858A /* jollof-rice.png */ = {isa = PBXFileReference; explicitFileType = undefined; fileEncoding = 9; includeInIndex = 0; lastKnownFileType = unknown; name = "jollof-rice.png"; path = "../src/assets/images/jollof-rice.png"; sourceTree = "<group>"; };
		A763389E6E1843AE9CD4375F /* pounded-yam.png */ = {isa = PBXFileReference; explicitFileType = undefined; fileEncoding = 9; includeInIndex = 0; lastKnownFileType = unknown; name = "pounded-yam.png"; path = "../src/assets/images/pounded-yam.png"; sourceTree = "<group>"; };
		A80ADDC72270489D83ADBDB5 /* SFPro-Semibold.otf */ = {isa = PBXFileReference; explicitFileType = undefined; fileEncoding = 9; includeInIndex = 0; lastKnownFileType = unknown; name = "SFPro-Semibold.otf"; path = "../src/assets/fonts/New folder/SFPro-Semibold.otf"; sourceTree = "<group>"; };
		A9A31F1A80D84FE08BEC32A9 /* pounded-yam-big2.png */ = {isa = PBXFileReference; explicitFileType = undefined; fileEncoding = 9; includeInIndex = 0; lastKnownFileType = unknown; name = "pounded-yam-big2.png"; path = "../src/assets/images/pounded-yam-big2.png"; sourceTree = "<group>"; };
		ACEEA44183724CC4B85FAC4E /* SFPro-Bold.otf */ = {isa = PBXFileReference; explicitFileType = undefined; fileEncoding = 9; includeInIndex = 0; lastKnownFileType = unknown; name = "SFPro-Bold.otf"; path = "../src/assets/fonts/New folder/SFPro-Bold.otf"; sourceTree = "<group>"; };
		AD651795C76D4A3291D2D948 /* menu-soup.png */ = {isa = PBXFileReference; explicitFileType = undefined; fileEncoding = 9; includeInIndex = 0; lastKnownFileType = unknown; name = "menu-soup.png"; path = "../src/assets/images/menu-soup.png"; sourceTree = "<group>"; };
		AF7691CBBA45400F9A643646 /* BROmega-Medium.ttf */ = {isa = PBXFileReference; explicitFileType = undefined; fileEncoding = 9; includeInIndex = 0; lastKnownFileType = unknown; name = "BROmega-Medium.ttf"; path = "../src/assets/fonts/New folder/BROmega-Medium.ttf"; sourceTree = "<group>"; };
		BD81AD8AEFFC4A0F920BA427 /* IntroSlide3.svg */ = {isa = PBXFileReference; explicitFileType = undefined; fileEncoding = 9; includeInIndex = 0; lastKnownFileType = unknown; name = IntroSlide3.svg; path = ../src/assets/svgs/IntroSlide3.svg; sourceTree = "<group>"; };
		BF0EC485727641CF96BB4623 /* pizza.png */ = {isa = PBXFileReference; explicitFileType = undefined; fileEncoding = 9; includeInIndex = 0; lastKnownFileType = unknown; name = pizza.png; path = ../src/assets/images/pizza.png; sourceTree = "<group>"; };
		CC832644E3414857B7AE77B4 /* noodles.png */ = {isa = PBXFileReference; explicitFileType = undefined; fileEncoding = 9; includeInIndex = 0; lastKnownFileType = unknown; name = noodles.png; path = ../src/assets/images/noodles.png; sourceTree = "<group>"; };
		D54B7E6CD7A446D4BF11717B /* pounded-yam-big.png */ = {isa = PBXFileReference; explicitFileType = undefined; fileEncoding = 9; includeInIndex = 0; lastKnownFileType = unknown; name = "pounded-yam-big.png"; path = "../src/assets/images/pounded-yam-big.png"; sourceTree = "<group>"; };
		E190B001C4144D058F0EFFA2 /* SF-Pro-Display-Bold.otf */ = {isa = PBXFileReference; explicitFileType = undefined; fileEncoding = 9; includeInIndex = 0; lastKnownFileType = unknown; name = "SF-Pro-Display-Bold.otf"; path = "../src/assets/fonts/SF-Pro-Display-Bold.otf"; sourceTree = "<group>"; };
		E2152DDA7CB94D2A99401ABA /* fast-foods.png */ = {isa = PBXFileReference; explicitFileType = undefined; fileEncoding = 9; includeInIndex = 0; lastKnownFileType = unknown; name = "fast-foods.png"; path = "../src/assets/images/fast-foods.png"; sourceTree = "<group>"; };
		EB2502942069497F92B12A8E /* food-info-bg.png */ = {isa = PBXFileReference; explicitFileType = undefined; fileEncoding = 9; includeInIndex = 0; lastKnownFileType = unknown; name = "food-info-bg.png"; path = "../src/assets/images/food-info-bg.png"; sourceTree = "<group>"; };
		ECABDE240D524526A3EE2325 /* Avenir-Medium.ttf */ = {isa = PBXFileReference; explicitFileType = undefined; fileEncoding = 9; includeInIndex = 0; lastKnownFileType = unknown; name = "Avenir-Medium.ttf"; path = "../src/assets/fonts/New folder/Avenir-Medium.ttf"; sourceTree = "<group>"; };
		ED297162215061F000B7C4FE /* JavaScriptCore.framework */ = {isa = PBXFileReference; lastKnownFileType = wrapper.framework; name = JavaScriptCore.framework; path = System/Library/Frameworks/JavaScriptCore.framework; sourceTree = SDKROOT; };
		F38A2E3D4D60485E92AC0207 /* Avenir-DemiBold.ttf */ = {isa = PBXFileReference; explicitFileType = undefined; fileEncoding = 9; includeInIndex = 0; lastKnownFileType = unknown; name = "Avenir-DemiBold.ttf"; path = "../src/assets/fonts/New folder/Avenir-DemiBold.ttf"; sourceTree = "<group>"; };
		F5D911DEF7D44BA0BC82B96B /* menu-vegetable.png */ = {isa = PBXFileReference; explicitFileType = undefined; fileEncoding = 9; includeInIndex = 0; lastKnownFileType = unknown; name = "menu-vegetable.png"; path = "../src/assets/images/menu-vegetable.png"; sourceTree = "<group>"; };
		FB3EC40CBD8946EC9C90D069 /* Group 322.svg */ = {isa = PBXFileReference; explicitFileType = undefined; fileEncoding = 9; includeInIndex = 0; lastKnownFileType = unknown; name = "Group 322.svg"; path = "../src/assets/svgs/Group 322.svg"; sourceTree = "<group>"; };
		FD934168BADE4A0691CABFDB /* menu-combos.png */ = {isa = PBXFileReference; explicitFileType = undefined; fileEncoding = 9; includeInIndex = 0; lastKnownFileType = unknown; name = "menu-combos.png"; path = "../src/assets/images/menu-combos.png"; sourceTree = "<group>"; };
		FF8A8CA976C34ECA970659FE /* drinks.png */ = {isa = PBXFileReference; explicitFileType = undefined; fileEncoding = 9; includeInIndex = 0; lastKnownFileType = unknown; name = drinks.png; path = ../src/assets/images/drinks.png; sourceTree = "<group>"; };
/* End PBXFileReference section */

/* Begin PBXFrameworksBuildPhase section */
		00E356EB1AD99517003FC87E /* Frameworks */ = {
			isa = PBXFrameworksBuildPhase;
			buildActionMask = 2147483647;
			files = (
				7699B88040F8A987B510C191 /* libPods-FudMonger-FudMongerTests.a in Frameworks */,
			);
			runOnlyForDeploymentPostprocessing = 0;
		};
		13B07F8C1A680F5B00A75B9A /* Frameworks */ = {
			isa = PBXFrameworksBuildPhase;
			buildActionMask = 2147483647;
			files = (
				0C80B921A6F3F58F76C31292 /* libPods-FudMonger.a in Frameworks */,
			);
			runOnlyForDeploymentPostprocessing = 0;
		};
/* End PBXFrameworksBuildPhase section */

/* Begin PBXGroup section */
		00E356EF1AD99517003FC87E /* FudMongerTests */ = {
			isa = PBXGroup;
			children = (
				00E356F21AD99517003FC87E /* FudMongerTests.m */,
				00E356F01AD99517003FC87E /* Supporting Files */,
			);
			path = FudMongerTests;
			sourceTree = "<group>";
		};
		00E356F01AD99517003FC87E /* Supporting Files */ = {
			isa = PBXGroup;
			children = (
				00E356F11AD99517003FC87E /* Info.plist */,
			);
			name = "Supporting Files";
			sourceTree = "<group>";
		};
		04507A2828CD9D3500408DBE /* Fonts */ = {
			isa = PBXGroup;
			children = (
				04507A3B28CD9DFD00408DBE /* AntDesign.ttf */,
				04507A4328CD9DFD00408DBE /* Entypo.ttf */,
				04507A3D28CD9DFD00408DBE /* EvilIcons.ttf */,
				04507A4528CD9DFD00408DBE /* Feather.ttf */,
				04507A4428CD9DFD00408DBE /* FontAwesome.ttf */,
				04507A3C28CD9DFD00408DBE /* FontAwesome5_Brands.ttf */,
				04507A4228CD9DFD00408DBE /* FontAwesome5_Regular.ttf */,
				04507A3E28CD9DFD00408DBE /* FontAwesome5_Solid.ttf */,
				04507A4028CD9DFD00408DBE /* Fontisto.ttf */,
				04507A3A28CD9DFD00408DBE /* Foundation.ttf */,
				04507A3928CD9DFD00408DBE /* Ionicons.ttf */,
				04507A4728CD9DFD00408DBE /* MaterialCommunityIcons.ttf */,
				04507A4828CD9DFD00408DBE /* MaterialIcons.ttf */,
				04507A3F28CD9DFD00408DBE /* Octicons.ttf */,
				04507A4628CD9DFD00408DBE /* SimpleLineIcons.ttf */,
				04507A4128CD9DFD00408DBE /* Zocial.ttf */,
			);
			path = Fonts;
			sourceTree = "<group>";
		};
		13B07FAE1A68108700A75B9A /* FudMonger */ = {
			isa = PBXGroup;
			children = (
				13B07FAF1A68108700A75B9A /* AppDelegate.h */,
				13B07FB01A68108700A75B9A /* AppDelegate.mm */,
				13B07FB51A68108700A75B9A /* Images.xcassets */,
				13B07FB61A68108700A75B9A /* Info.plist */,
				81AB9BB72411601600AC10FF /* LaunchScreen.storyboard */,
				13B07FB71A68108700A75B9A /* main.m */,
			);
			name = FudMonger;
			sourceTree = "<group>";
		};
		2D16E6871FA4F8E400B85C8A /* Frameworks */ = {
			isa = PBXGroup;
			children = (
				ED297162215061F000B7C4FE /* JavaScriptCore.framework */,
				5DCACB8F33CDC322A6C60F78 /* libPods-FudMonger.a */,
				19F6CBCC0A4E27FBF8BF4A61 /* libPods-FudMonger-FudMongerTests.a */,
			);
			name = Frameworks;
			sourceTree = "<group>";
		};
		3E3525E17C82481FA2FBBE4B /* Resources */ = {
			isa = PBXGroup;
			children = (
				ACEEA44183724CC4B85FAC4E /* SFPro-Bold.otf */,
				655C416AE76F4350A1EA1230 /* SFPro-Regular.otf */,
				A80ADDC72270489D83ADBDB5 /* SFPro-Semibold.otf */,
				E190B001C4144D058F0EFFA2 /* SF-Pro-Display-Bold.otf */,
				679FFB8AAF914EFB898DA398 /* SF-Pro-Display-Regular.otf */,
				6C4921054ECF4A19A7629E07 /* SF-Pro-Display-Semibold.otf */,
				A3DA1A72506F4E528D71DD7F /* Avenir-Next-Font.ttf */,
				26D1DE97C271477D8D46C618 /* Avenir-Next-W04-Demi.ttf */,
				0E4FC97B68D34D5CA90DAF89 /* Avenir-Next-W06-Bold.ttf */,
				8A2A32123477478D9CC80627 /* Avenir-Next-W10-Medium.ttf */,
				788F5B34AEB34FEE90D5BA65 /* BR-Omega-Medium.ttf */,
				0CFC7D167EE2449FB45140C4 /* BR-Omega-Regular.ttf */,
				0AD24141C6E3468B9D1045C8 /* BR-Omega-SemiBold.ttf */,
				1D420EE1C13941CBAA20DABE /* Avenir-Bold.ttf */,
				F38A2E3D4D60485E92AC0207 /* Avenir-DemiBold.ttf */,
				ECABDE240D524526A3EE2325 /* Avenir-Medium.ttf */,
				54952C5ED55E47599EE1513E /* Avenir-Regular.ttf */,
				AF7691CBBA45400F9A643646 /* BROmega-Medium.ttf */,
				9D07BFC8067B4C2AB1742079 /* BROmega-Regular.ttf */,
				0B806D9040F547DD87A4CAA0 /* BROmega-SemiBold.ttf */,
				25BF10FB2CE74CCEA109DE41 /* advertImage.png */,
				779DC7E5E49D43DD8CAE4CF2 /* burger.png */,
				FF8A8CA976C34ECA970659FE /* drinks.png */,
				E2152DDA7CB94D2A99401ABA /* fast-foods.png */,
				EB2502942069497F92B12A8E /* food-info-bg.png */,
				3697D840E69E4D6A8BD2A25A /* jollof-rice-big.png */,
				A4B7712489FB4779B49B858A /* jollof-rice.png */,
				FD934168BADE4A0691CABFDB /* menu-combos.png */,
				9CCB016BA3FB4071AC5546D5 /* menu-italian-dish.png */,
				1EAAB8DE20EF4F8E974AE6E2 /* menu-sea-food.png */,
				AD651795C76D4A3291D2D948 /* menu-soup.png */,
				F5D911DEF7D44BA0BC82B96B /* menu-vegetable.png */,
				CC832644E3414857B7AE77B4 /* noodles.png */,
				BF0EC485727641CF96BB4623 /* pizza.png */,
				D54B7E6CD7A446D4BF11717B /* pounded-yam-big.png */,
				A9A31F1A80D84FE08BEC32A9 /* pounded-yam-big2.png */,
				A763389E6E1843AE9CD4375F /* pounded-yam.png */,
				91DD4246194E4989BDE76AB8 /* swallows.png */,
				334B29B3CF574007BBDB70DC /* user.png */,
				530127BFB1674998A0A39DD2 /* user2.jpg */,
				FB3EC40CBD8946EC9C90D069 /* Group 322.svg */,
				1F27C93220AD4A3193BA1A8F /* IntroSlide1.svg */,
				955FDE8B3082486FBC09B17B /* IntroSlide2.svg */,
				BD81AD8AEFFC4A0F920BA427 /* IntroSlide3.svg */,
				17A4CCD0F13E420BA0D71F3E /* Rectangle 19.svg */,
			);
			name = Resources;
			sourceTree = "<group>";
		};
		832341AE1AAA6A7D00B99B32 /* Libraries */ = {
			isa = PBXGroup;
			children = (
			);
			name = Libraries;
			sourceTree = "<group>";
		};
		83CBB9F61A601CBA00E9B192 = {
			isa = PBXGroup;
			children = (
				04507A2828CD9D3500408DBE /* Fonts */,
				13B07FAE1A68108700A75B9A /* FudMonger */,
				832341AE1AAA6A7D00B99B32 /* Libraries */,
				00E356EF1AD99517003FC87E /* FudMongerTests */,
				83CBBA001A601CBA00E9B192 /* Products */,
				2D16E6871FA4F8E400B85C8A /* Frameworks */,
				BBD78D7AC51CEA395F1C20DB /* Pods */,
				3E3525E17C82481FA2FBBE4B /* Resources */,
			);
			indentWidth = 2;
			sourceTree = "<group>";
			tabWidth = 2;
			usesTabs = 0;
		};
		83CBBA001A601CBA00E9B192 /* Products */ = {
			isa = PBXGroup;
			children = (
				13B07F961A680F5B00A75B9A /* FudMonger.app */,
				00E356EE1AD99517003FC87E /* FudMongerTests.xctest */,
			);
			name = Products;
			sourceTree = "<group>";
		};
		BBD78D7AC51CEA395F1C20DB /* Pods */ = {
			isa = PBXGroup;
			children = (
				3B4392A12AC88292D35C810B /* Pods-FudMonger.debug.xcconfig */,
				5709B34CF0A7D63546082F79 /* Pods-FudMonger.release.xcconfig */,
				5B7EB9410499542E8C5724F5 /* Pods-FudMonger-FudMongerTests.debug.xcconfig */,
				89C6BE57DB24E9ADA2F236DE /* Pods-FudMonger-FudMongerTests.release.xcconfig */,
			);
			path = Pods;
			sourceTree = "<group>";
		};
/* End PBXGroup section */

/* Begin PBXNativeTarget section */
		00E356ED1AD99517003FC87E /* FudMongerTests */ = {
			isa = PBXNativeTarget;
			buildConfigurationList = 00E357021AD99517003FC87E /* Build configuration list for PBXNativeTarget "FudMongerTests" */;
			buildPhases = (
				A55EABD7B0C7F3A422A6CC61 /* [CP] Check Pods Manifest.lock */,
				00E356EA1AD99517003FC87E /* Sources */,
				00E356EB1AD99517003FC87E /* Frameworks */,
				00E356EC1AD99517003FC87E /* Resources */,
				C59DA0FBD6956966B86A3779 /* [CP] Embed Pods Frameworks */,
				F6A41C54EA430FDDC6A6ED99 /* [CP] Copy Pods Resources */,
			);
			buildRules = (
			);
			dependencies = (
				00E356F51AD99517003FC87E /* PBXTargetDependency */,
			);
			name = FudMongerTests;
			productName = FudMongerTests;
			productReference = 00E356EE1AD99517003FC87E /* FudMongerTests.xctest */;
			productType = "com.apple.product-type.bundle.unit-test";
		};
		13B07F861A680F5B00A75B9A /* FudMonger */ = {
			isa = PBXNativeTarget;
			buildConfigurationList = 13B07F931A680F5B00A75B9A /* Build configuration list for PBXNativeTarget "FudMonger" */;
			buildPhases = (
				C38B50BA6285516D6DCD4F65 /* [CP] Check Pods Manifest.lock */,
				FD10A7F022414F080027D42C /* Start Packager */,
				13B07F871A680F5B00A75B9A /* Sources */,
				13B07F8C1A680F5B00A75B9A /* Frameworks */,
				13B07F8E1A680F5B00A75B9A /* Resources */,
				00DD1BFF1BD5951E006B06BC /* Bundle React Native code and images */,
				00EEFC60759A1932668264C0 /* [CP] Embed Pods Frameworks */,
				E235C05ADACE081382539298 /* [CP] Copy Pods Resources */,
			);
			buildRules = (
			);
			dependencies = (
			);
			name = FudMonger;
			productName = FudMonger;
			productReference = 13B07F961A680F5B00A75B9A /* FudMonger.app */;
			productType = "com.apple.product-type.application";
		};
/* End PBXNativeTarget section */

/* Begin PBXProject section */
		83CBB9F71A601CBA00E9B192 /* Project object */ = {
			isa = PBXProject;
			attributes = {
				LastUpgradeCheck = 1210;
				TargetAttributes = {
					00E356ED1AD99517003FC87E = {
						CreatedOnToolsVersion = 6.2;
						TestTargetID = 13B07F861A680F5B00A75B9A;
					};
					13B07F861A680F5B00A75B9A = {
						LastSwiftMigration = 1120;
					};
				};
			};
			buildConfigurationList = 83CBB9FA1A601CBA00E9B192 /* Build configuration list for PBXProject "FudMonger" */;
			compatibilityVersion = "Xcode 12.0";
			developmentRegion = en;
			hasScannedForEncodings = 0;
			knownRegions = (
				en,
				Base,
			);
			mainGroup = 83CBB9F61A601CBA00E9B192;
			productRefGroup = 83CBBA001A601CBA00E9B192 /* Products */;
			projectDirPath = "";
			projectRoot = "";
			targets = (
				13B07F861A680F5B00A75B9A /* FudMonger */,
				00E356ED1AD99517003FC87E /* FudMongerTests */,
			);
		};
/* End PBXProject section */

/* Begin PBXResourcesBuildPhase section */
		00E356EC1AD99517003FC87E /* Resources */ = {
			isa = PBXResourcesBuildPhase;
			buildActionMask = 2147483647;
			files = (
			);
			runOnlyForDeploymentPostprocessing = 0;
		};
		13B07F8E1A680F5B00A75B9A /* Resources */ = {
			isa = PBXResourcesBuildPhase;
			buildActionMask = 2147483647;
			files = (
				81AB9BB82411601600AC10FF /* LaunchScreen.storyboard in Resources */,
				13B07FBF1A68108700A75B9A /* Images.xcassets in Resources */,
				45420A0A407A41AF97445FC9 /* SFPro-Bold.otf in Resources */,
				2559010062EA450BA642A2CB /* SFPro-Regular.otf in Resources */,
				4C594F8BDA2947E8BD52689E /* SFPro-Semibold.otf in Resources */,
				018D78950C124DC596A35F70 /* SF-Pro-Display-Bold.otf in Resources */,
				B6953A43B8F04AF5B33AD7F7 /* SF-Pro-Display-Regular.otf in Resources */,
				F2DFF777F61F4AFE8F6ABBA9 /* SF-Pro-Display-Semibold.otf in Resources */,
				916ABEA585C348BF80EA3BD5 /* Avenir-Next-Font.ttf in Resources */,
				160A75BCB8FF43489EC0CC45 /* Avenir-Next-W04-Demi.ttf in Resources */,
				4A4338644D45473BAAB5B262 /* Avenir-Next-W06-Bold.ttf in Resources */,
				17B160DED06B49E8B0BE1C33 /* Avenir-Next-W10-Medium.ttf in Resources */,
				5F735322536F4F3D9D63FF88 /* BR-Omega-Medium.ttf in Resources */,
				8ACE16A0DB2441E5A2FEB99C /* BR-Omega-Regular.ttf in Resources */,
				8989D955A0BD4406B03DD570 /* BR-Omega-SemiBold.ttf in Resources */,
				4B043BFE6208416B8ADEA3A5 /* Avenir-Bold.ttf in Resources */,
				52EE1C48E9C442FF8386C9B2 /* Avenir-DemiBold.ttf in Resources */,
				28FBCF072EFE4906A585047D /* Avenir-Medium.ttf in Resources */,
				5412E19D39444B1C9AA94D21 /* Avenir-Regular.ttf in Resources */,
				4000265F03DF4D8C948129CB /* BROmega-Medium.ttf in Resources */,
				A693724A5D7F4A3690BEA130 /* BROmega-Regular.ttf in Resources */,
				3E0066BA8BEC478BB492083F /* BROmega-SemiBold.ttf in Resources */,
				6CCDD97AE9EC46D3A06F5194 /* advertImage.png in Resources */,
				4529104A4BAF438B905A3ABD /* burger.png in Resources */,
				03352D2B334D453F9DEA125A /* drinks.png in Resources */,
				5D4CFE4A6C304E5083974F65 /* fast-foods.png in Resources */,
				FFFB91CE233D4EFFBE5985FE /* food-info-bg.png in Resources */,
				1DC7188A69C54803AF721CDA /* jollof-rice-big.png in Resources */,
				BB2F60E3F8AA40AF96D89C73 /* jollof-rice.png in Resources */,
				05DA300F4E3F4CEE861916A6 /* menu-combos.png in Resources */,
				30ADD2E2C0944661B60C40B0 /* menu-italian-dish.png in Resources */,
				B271B80E97C94D45BEE61F4A /* menu-sea-food.png in Resources */,
				05D93025FDC14ACEAC0644B6 /* menu-soup.png in Resources */,
				F4785F9B8A97432EBF9E5690 /* menu-vegetable.png in Resources */,
				87DBA5738279440AAC1DC515 /* noodles.png in Resources */,
				17612E88A0444C5C97A24E37 /* pizza.png in Resources */,
				CF94A39E7FE74BECA152DC89 /* pounded-yam-big.png in Resources */,
				CB47F7E4B93E498E98E73B42 /* pounded-yam-big2.png in Resources */,
				22AA0838EA754698BDFFBAFD /* pounded-yam.png in Resources */,
				2635FE27DBEC44E0856B43CF /* swallows.png in Resources */,
				465508EE4F1F40B5A4649250 /* user.png in Resources */,
				FE24739F69B740E2A06F7248 /* user2.jpg in Resources */,
				6257D0D9419945C7BD0D573C /* Group 322.svg in Resources */,
				25CDF877D4D44500BDB531D2 /* IntroSlide1.svg in Resources */,
				17CEF52CD0CC480494A7FD30 /* IntroSlide2.svg in Resources */,
				A670B8929F294197A8D4E95D /* IntroSlide3.svg in Resources */,
				DEAE8F24BE8B45BE86B21DD8 /* Rectangle 19.svg in Resources */,
			);
			runOnlyForDeploymentPostprocessing = 0;
		};
/* End PBXResourcesBuildPhase section */

/* Begin PBXShellScriptBuildPhase section */
		00DD1BFF1BD5951E006B06BC /* Bundle React Native code and images */ = {
			isa = PBXShellScriptBuildPhase;
			buildActionMask = 2147483647;
			files = (
			);
			inputPaths = (
				"$(SRCROOT)/.xcode.env.local",
				"$(SRCROOT)/.xcode.env",
			);
			name = "Bundle React Native code and images";
			outputPaths = (
			);
			runOnlyForDeploymentPostprocessing = 0;
			shellPath = /bin/sh;
			shellScript = "set -e\n\nWITH_ENVIRONMENT=\"../node_modules/react-native/scripts/xcode/with-environment.sh\"\nREACT_NATIVE_XCODE=\"../node_modules/react-native/scripts/react-native-xcode.sh\"\n\n/bin/sh -c \"$WITH_ENVIRONMENT $REACT_NATIVE_XCODE\"\n";
		};
		00EEFC60759A1932668264C0 /* [CP] Embed Pods Frameworks */ = {
			isa = PBXShellScriptBuildPhase;
			buildActionMask = 2147483647;
			files = (
			);
			inputFileListPaths = (
				"${PODS_ROOT}/Target Support Files/Pods-FudMonger/Pods-FudMonger-frameworks-${CONFIGURATION}-input-files.xcfilelist",
			);
			name = "[CP] Embed Pods Frameworks";
			outputFileListPaths = (
				"${PODS_ROOT}/Target Support Files/Pods-FudMonger/Pods-FudMonger-frameworks-${CONFIGURATION}-output-files.xcfilelist",
			);
			runOnlyForDeploymentPostprocessing = 0;
			shellPath = /bin/sh;
			shellScript = "\"${PODS_ROOT}/Target Support Files/Pods-FudMonger/Pods-FudMonger-frameworks.sh\"\n";
			showEnvVarsInLog = 0;
		};
		A55EABD7B0C7F3A422A6CC61 /* [CP] Check Pods Manifest.lock */ = {
			isa = PBXShellScriptBuildPhase;
			buildActionMask = 2147483647;
			files = (
			);
			inputFileListPaths = (
			);
			inputPaths = (
				"${PODS_PODFILE_DIR_PATH}/Podfile.lock",
				"${PODS_ROOT}/Manifest.lock",
			);
			name = "[CP] Check Pods Manifest.lock";
			outputFileListPaths = (
			);
			outputPaths = (
				"$(DERIVED_FILE_DIR)/Pods-FudMonger-FudMongerTests-checkManifestLockResult.txt",
			);
			runOnlyForDeploymentPostprocessing = 0;
			shellPath = /bin/sh;
			shellScript = "diff \"${PODS_PODFILE_DIR_PATH}/Podfile.lock\" \"${PODS_ROOT}/Manifest.lock\" > /dev/null\nif [ $? != 0 ] ; then\n    # print error to STDERR\n    echo \"error: The sandbox is not in sync with the Podfile.lock. Run 'pod install' or update your CocoaPods installation.\" >&2\n    exit 1\nfi\n# This output is used by Xcode 'outputs' to avoid re-running this script phase.\necho \"SUCCESS\" > \"${SCRIPT_OUTPUT_FILE_0}\"\n";
			showEnvVarsInLog = 0;
		};
		C38B50BA6285516D6DCD4F65 /* [CP] Check Pods Manifest.lock */ = {
			isa = PBXShellScriptBuildPhase;
			buildActionMask = 2147483647;
			files = (
			);
			inputFileListPaths = (
			);
			inputPaths = (
				"${PODS_PODFILE_DIR_PATH}/Podfile.lock",
				"${PODS_ROOT}/Manifest.lock",
			);
			name = "[CP] Check Pods Manifest.lock";
			outputFileListPaths = (
			);
			outputPaths = (
				"$(DERIVED_FILE_DIR)/Pods-FudMonger-checkManifestLockResult.txt",
			);
			runOnlyForDeploymentPostprocessing = 0;
			shellPath = /bin/sh;
			shellScript = "diff \"${PODS_PODFILE_DIR_PATH}/Podfile.lock\" \"${PODS_ROOT}/Manifest.lock\" > /dev/null\nif [ $? != 0 ] ; then\n    # print error to STDERR\n    echo \"error: The sandbox is not in sync with the Podfile.lock. Run 'pod install' or update your CocoaPods installation.\" >&2\n    exit 1\nfi\n# This output is used by Xcode 'outputs' to avoid re-running this script phase.\necho \"SUCCESS\" > \"${SCRIPT_OUTPUT_FILE_0}\"\n";
			showEnvVarsInLog = 0;
		};
		C59DA0FBD6956966B86A3779 /* [CP] Embed Pods Frameworks */ = {
			isa = PBXShellScriptBuildPhase;
			buildActionMask = 2147483647;
			files = (
			);
			inputFileListPaths = (
				"${PODS_ROOT}/Target Support Files/Pods-FudMonger-FudMongerTests/Pods-FudMonger-FudMongerTests-frameworks-${CONFIGURATION}-input-files.xcfilelist",
			);
			name = "[CP] Embed Pods Frameworks";
			outputFileListPaths = (
				"${PODS_ROOT}/Target Support Files/Pods-FudMonger-FudMongerTests/Pods-FudMonger-FudMongerTests-frameworks-${CONFIGURATION}-output-files.xcfilelist",
			);
			runOnlyForDeploymentPostprocessing = 0;
			shellPath = /bin/sh;
			shellScript = "\"${PODS_ROOT}/Target Support Files/Pods-FudMonger-FudMongerTests/Pods-FudMonger-FudMongerTests-frameworks.sh\"\n";
			showEnvVarsInLog = 0;
		};
		E235C05ADACE081382539298 /* [CP] Copy Pods Resources */ = {
			isa = PBXShellScriptBuildPhase;
			buildActionMask = 2147483647;
			files = (
			);
			inputFileListPaths = (
				"${PODS_ROOT}/Target Support Files/Pods-FudMonger/Pods-FudMonger-resources-${CONFIGURATION}-input-files.xcfilelist",
			);
			name = "[CP] Copy Pods Resources";
			outputFileListPaths = (
				"${PODS_ROOT}/Target Support Files/Pods-FudMonger/Pods-FudMonger-resources-${CONFIGURATION}-output-files.xcfilelist",
			);
			runOnlyForDeploymentPostprocessing = 0;
			shellPath = /bin/sh;
			shellScript = "\"${PODS_ROOT}/Target Support Files/Pods-FudMonger/Pods-FudMonger-resources.sh\"\n";
			showEnvVarsInLog = 0;
		};
		F6A41C54EA430FDDC6A6ED99 /* [CP] Copy Pods Resources */ = {
			isa = PBXShellScriptBuildPhase;
			buildActionMask = 2147483647;
			files = (
			);
			inputFileListPaths = (
				"${PODS_ROOT}/Target Support Files/Pods-FudMonger-FudMongerTests/Pods-FudMonger-FudMongerTests-resources-${CONFIGURATION}-input-files.xcfilelist",
			);
			name = "[CP] Copy Pods Resources";
			outputFileListPaths = (
				"${PODS_ROOT}/Target Support Files/Pods-FudMonger-FudMongerTests/Pods-FudMonger-FudMongerTests-resources-${CONFIGURATION}-output-files.xcfilelist",
			);
			runOnlyForDeploymentPostprocessing = 0;
			shellPath = /bin/sh;
			shellScript = "\"${PODS_ROOT}/Target Support Files/Pods-FudMonger-FudMongerTests/Pods-FudMonger-FudMongerTests-resources.sh\"\n";
			showEnvVarsInLog = 0;
		};
		FD10A7F022414F080027D42C /* Start Packager */ = {
			isa = PBXShellScriptBuildPhase;
			buildActionMask = 2147483647;
			files = (
			);
			inputFileListPaths = (
			);
			inputPaths = (
			);
			name = "Start Packager";
			outputFileListPaths = (
			);
			outputPaths = (
			);
			runOnlyForDeploymentPostprocessing = 0;
			shellPath = /bin/sh;
			shellScript = "export RCT_METRO_PORT=\"${RCT_METRO_PORT:=8081}\"\necho \"export RCT_METRO_PORT=${RCT_METRO_PORT}\" > \"${SRCROOT}/../node_modules/react-native/scripts/.packager.env\"\nif [ -z \"${RCT_NO_LAUNCH_PACKAGER+xxx}\" ] ; then\n  if nc -w 5 -z localhost ${RCT_METRO_PORT} ; then\n    if ! curl -s \"http://localhost:${RCT_METRO_PORT}/status\" | grep -q \"packager-status:running\" ; then\n      echo \"Port ${RCT_METRO_PORT} already in use, packager is either not running or not running correctly\"\n      exit 2\n    fi\n  else\n    open \"$SRCROOT/../node_modules/react-native/scripts/launchPackager.command\" || echo \"Can't start packager automatically\"\n  fi\nfi\n";
			showEnvVarsInLog = 0;
		};
/* End PBXShellScriptBuildPhase section */

/* Begin PBXSourcesBuildPhase section */
		00E356EA1AD99517003FC87E /* Sources */ = {
			isa = PBXSourcesBuildPhase;
			buildActionMask = 2147483647;
			files = (
				00E356F31AD99517003FC87E /* FudMongerTests.m in Sources */,
			);
			runOnlyForDeploymentPostprocessing = 0;
		};
		13B07F871A680F5B00A75B9A /* Sources */ = {
			isa = PBXSourcesBuildPhase;
			buildActionMask = 2147483647;
			files = (
				13B07FBC1A68108700A75B9A /* AppDelegate.mm in Sources */,
				13B07FC11A68108700A75B9A /* main.m in Sources */,
			);
			runOnlyForDeploymentPostprocessing = 0;
		};
/* End PBXSourcesBuildPhase section */

/* Begin PBXTargetDependency section */
		00E356F51AD99517003FC87E /* PBXTargetDependency */ = {
			isa = PBXTargetDependency;
			target = 13B07F861A680F5B00A75B9A /* FudMonger */;
			targetProxy = 00E356F41AD99517003FC87E /* PBXContainerItemProxy */;
		};
/* End PBXTargetDependency section */

/* Begin XCBuildConfiguration section */
		00E356F61AD99517003FC87E /* Debug */ = {
			isa = XCBuildConfiguration;
			baseConfigurationReference = 5B7EB9410499542E8C5724F5 /* Pods-FudMonger-FudMongerTests.debug.xcconfig */;
			buildSettings = {
				BUNDLE_LOADER = "$(TEST_HOST)";
				GCC_PREPROCESSOR_DEFINITIONS = (
					"DEBUG=1",
					"$(inherited)",
				);
				INFOPLIST_FILE = FudMongerTests/Info.plist;
				IPHONEOS_DEPLOYMENT_TARGET = 12.4;
				LD_RUNPATH_SEARCH_PATHS = (
					"$(inherited)",
					"@executable_path/Frameworks",
					"@loader_path/Frameworks",
				);
				OTHER_LDFLAGS = (
					"-ObjC",
					"-lc++",
					"$(inherited)",
				);
				PRODUCT_BUNDLE_IDENTIFIER = "org.reactjs.native.example.$(PRODUCT_NAME:rfc1034identifier)";
				PRODUCT_NAME = "$(TARGET_NAME)";
				TEST_HOST = "$(BUILT_PRODUCTS_DIR)/FudMonger.app/FudMonger";
			};
			name = Debug;
		};
		00E356F71AD99517003FC87E /* Release */ = {
			isa = XCBuildConfiguration;
			baseConfigurationReference = 89C6BE57DB24E9ADA2F236DE /* Pods-FudMonger-FudMongerTests.release.xcconfig */;
			buildSettings = {
				BUNDLE_LOADER = "$(TEST_HOST)";
				COPY_PHASE_STRIP = NO;
				INFOPLIST_FILE = FudMongerTests/Info.plist;
				IPHONEOS_DEPLOYMENT_TARGET = 12.4;
				LD_RUNPATH_SEARCH_PATHS = (
					"$(inherited)",
					"@executable_path/Frameworks",
					"@loader_path/Frameworks",
				);
				OTHER_LDFLAGS = (
					"-ObjC",
					"-lc++",
					"$(inherited)",
				);
				PRODUCT_BUNDLE_IDENTIFIER = "org.reactjs.native.example.$(PRODUCT_NAME:rfc1034identifier)";
				PRODUCT_NAME = "$(TARGET_NAME)";
				TEST_HOST = "$(BUILT_PRODUCTS_DIR)/FudMonger.app/FudMonger";
			};
			name = Release;
		};
		13B07F941A680F5B00A75B9A /* Debug */ = {
			isa = XCBuildConfiguration;
			baseConfigurationReference = 3B4392A12AC88292D35C810B /* Pods-FudMonger.debug.xcconfig */;
			buildSettings = {
				ASSETCATALOG_COMPILER_APPICON_NAME = AppIcon;
				CLANG_ENABLE_MODULES = YES;
				CURRENT_PROJECT_VERSION = 1;
				ENABLE_BITCODE = NO;
				INFOPLIST_FILE = FudMonger/Info.plist;
				LD_RUNPATH_SEARCH_PATHS = (
					"$(inherited)",
					"@executable_path/Frameworks",
				);
				OTHER_LDFLAGS = (
					"$(inherited)",
					"-ObjC",
					"-lc++",
				);
				PRODUCT_BUNDLE_IDENTIFIER = "org.reactjs.native.example.$(PRODUCT_NAME:rfc1034identifier)";
				PRODUCT_NAME = FudMonger;
				SWIFT_OPTIMIZATION_LEVEL = "-Onone";
				SWIFT_VERSION = 5.0;
				VERSIONING_SYSTEM = "apple-generic";
			};
			name = Debug;
		};
		13B07F951A680F5B00A75B9A /* Release */ = {
			isa = XCBuildConfiguration;
			baseConfigurationReference = 5709B34CF0A7D63546082F79 /* Pods-FudMonger.release.xcconfig */;
			buildSettings = {
				ASSETCATALOG_COMPILER_APPICON_NAME = AppIcon;
				CLANG_ENABLE_MODULES = YES;
				CURRENT_PROJECT_VERSION = 1;
				INFOPLIST_FILE = FudMonger/Info.plist;
				LD_RUNPATH_SEARCH_PATHS = (
					"$(inherited)",
					"@executable_path/Frameworks",
				);
				OTHER_LDFLAGS = (
					"$(inherited)",
					"-ObjC",
					"-lc++",
				);
				PRODUCT_BUNDLE_IDENTIFIER = "org.reactjs.native.example.$(PRODUCT_NAME:rfc1034identifier)";
				PRODUCT_NAME = FudMonger;
				SWIFT_VERSION = 5.0;
				VERSIONING_SYSTEM = "apple-generic";
			};
			name = Release;
		};
		83CBBA201A601CBA00E9B192 /* Debug */ = {
			isa = XCBuildConfiguration;
			buildSettings = {
				ALWAYS_SEARCH_USER_PATHS = NO;
				CLANG_ANALYZER_LOCALIZABILITY_NONLOCALIZED = YES;
				CLANG_CXX_LANGUAGE_STANDARD = "c++17";
				CLANG_CXX_LIBRARY = "libc++";
				CLANG_ENABLE_MODULES = YES;
				CLANG_ENABLE_OBJC_ARC = YES;
				CLANG_WARN_BLOCK_CAPTURE_AUTORELEASING = YES;
				CLANG_WARN_BOOL_CONVERSION = YES;
				CLANG_WARN_COMMA = YES;
				CLANG_WARN_CONSTANT_CONVERSION = YES;
				CLANG_WARN_DEPRECATED_OBJC_IMPLEMENTATIONS = YES;
				CLANG_WARN_DIRECT_OBJC_ISA_USAGE = YES_ERROR;
				CLANG_WARN_EMPTY_BODY = YES;
				CLANG_WARN_ENUM_CONVERSION = YES;
				CLANG_WARN_INFINITE_RECURSION = YES;
				CLANG_WARN_INT_CONVERSION = YES;
				CLANG_WARN_NON_LITERAL_NULL_CONVERSION = YES;
				CLANG_WARN_OBJC_IMPLICIT_RETAIN_SELF = YES;
				CLANG_WARN_OBJC_LITERAL_CONVERSION = YES;
				CLANG_WARN_OBJC_ROOT_CLASS = YES_ERROR;
				CLANG_WARN_QUOTED_INCLUDE_IN_FRAMEWORK_HEADER = YES;
				CLANG_WARN_RANGE_LOOP_ANALYSIS = YES;
				CLANG_WARN_STRICT_PROTOTYPES = YES;
				CLANG_WARN_SUSPICIOUS_MOVE = YES;
				CLANG_WARN_UNREACHABLE_CODE = YES;
				CLANG_WARN__DUPLICATE_METHOD_MATCH = YES;
				"CODE_SIGN_IDENTITY[sdk=iphoneos*]" = "iPhone Developer";
				COPY_PHASE_STRIP = NO;
				ENABLE_STRICT_OBJC_MSGSEND = YES;
				ENABLE_TESTABILITY = YES;
				"EXCLUDED_ARCHS[sdk=iphonesimulator*]" = i386;
				GCC_C_LANGUAGE_STANDARD = gnu99;
				GCC_DYNAMIC_NO_PIC = NO;
				GCC_NO_COMMON_BLOCKS = YES;
				GCC_OPTIMIZATION_LEVEL = 0;
				GCC_PREPROCESSOR_DEFINITIONS = (
					"DEBUG=1",
					"$(inherited)",
				);
				GCC_SYMBOLS_PRIVATE_EXTERN = NO;
				GCC_WARN_64_TO_32_BIT_CONVERSION = YES;
				GCC_WARN_ABOUT_RETURN_TYPE = YES_ERROR;
				GCC_WARN_UNDECLARED_SELECTOR = YES;
				GCC_WARN_UNINITIALIZED_AUTOS = YES_AGGRESSIVE;
				GCC_WARN_UNUSED_FUNCTION = YES;
				GCC_WARN_UNUSED_VARIABLE = YES;
				IPHONEOS_DEPLOYMENT_TARGET = 12.4;
				LD_RUNPATH_SEARCH_PATHS = (
					/usr/lib/swift,
					"$(inherited)",
				);
				LIBRARY_SEARCH_PATHS = (
					"\"$(SDKROOT)/usr/lib/swift\"",
					"\"$(TOOLCHAIN_DIR)/usr/lib/swift/$(PLATFORM_NAME)\"",
					"\"$(inherited)\"",
				);
				MTL_ENABLE_DEBUG_INFO = YES;
				ONLY_ACTIVE_ARCH = YES;
				OTHER_CPLUSPLUSFLAGS = (
					"$(OTHER_CFLAGS)",
					"-DFOLLY_NO_CONFIG",
					"-DFOLLY_MOBILE=1",
					"-DFOLLY_USE_LIBCPP=1",
				);
				REACT_NATIVE_PATH = "${PODS_ROOT}/../../node_modules/react-native";
				SDKROOT = iphoneos;
			};
			name = Debug;
		};
		83CBBA211A601CBA00E9B192 /* Release */ = {
			isa = XCBuildConfiguration;
			buildSettings = {
				ALWAYS_SEARCH_USER_PATHS = NO;
				CLANG_ANALYZER_LOCALIZABILITY_NONLOCALIZED = YES;
				CLANG_CXX_LANGUAGE_STANDARD = "c++17";
				CLANG_CXX_LIBRARY = "libc++";
				CLANG_ENABLE_MODULES = YES;
				CLANG_ENABLE_OBJC_ARC = YES;
				CLANG_WARN_BLOCK_CAPTURE_AUTORELEASING = YES;
				CLANG_WARN_BOOL_CONVERSION = YES;
				CLANG_WARN_COMMA = YES;
				CLANG_WARN_CONSTANT_CONVERSION = YES;
				CLANG_WARN_DEPRECATED_OBJC_IMPLEMENTATIONS = YES;
				CLANG_WARN_DIRECT_OBJC_ISA_USAGE = YES_ERROR;
				CLANG_WARN_EMPTY_BODY = YES;
				CLANG_WARN_ENUM_CONVERSION = YES;
				CLANG_WARN_INFINITE_RECURSION = YES;
				CLANG_WARN_INT_CONVERSION = YES;
				CLANG_WARN_NON_LITERAL_NULL_CONVERSION = YES;
				CLANG_WARN_OBJC_IMPLICIT_RETAIN_SELF = YES;
				CLANG_WARN_OBJC_LITERAL_CONVERSION = YES;
				CLANG_WARN_OBJC_ROOT_CLASS = YES_ERROR;
				CLANG_WARN_QUOTED_INCLUDE_IN_FRAMEWORK_HEADER = YES;
				CLANG_WARN_RANGE_LOOP_ANALYSIS = YES;
				CLANG_WARN_STRICT_PROTOTYPES = YES;
				CLANG_WARN_SUSPICIOUS_MOVE = YES;
				CLANG_WARN_UNREACHABLE_CODE = YES;
				CLANG_WARN__DUPLICATE_METHOD_MATCH = YES;
				"CODE_SIGN_IDENTITY[sdk=iphoneos*]" = "iPhone Developer";
				COPY_PHASE_STRIP = YES;
				ENABLE_NS_ASSERTIONS = NO;
				ENABLE_STRICT_OBJC_MSGSEND = YES;
				"EXCLUDED_ARCHS[sdk=iphonesimulator*]" = i386;
				GCC_C_LANGUAGE_STANDARD = gnu99;
				GCC_NO_COMMON_BLOCKS = YES;
				GCC_WARN_64_TO_32_BIT_CONVERSION = YES;
				GCC_WARN_ABOUT_RETURN_TYPE = YES_ERROR;
				GCC_WARN_UNDECLARED_SELECTOR = YES;
				GCC_WARN_UNINITIALIZED_AUTOS = YES_AGGRESSIVE;
				GCC_WARN_UNUSED_FUNCTION = YES;
				GCC_WARN_UNUSED_VARIABLE = YES;
				IPHONEOS_DEPLOYMENT_TARGET = 12.4;
				LD_RUNPATH_SEARCH_PATHS = (
					/usr/lib/swift,
					"$(inherited)",
				);
				LIBRARY_SEARCH_PATHS = (
					"\"$(SDKROOT)/usr/lib/swift\"",
					"\"$(TOOLCHAIN_DIR)/usr/lib/swift/$(PLATFORM_NAME)\"",
					"\"$(inherited)\"",
				);
				MTL_ENABLE_DEBUG_INFO = NO;
				OTHER_CPLUSPLUSFLAGS = (
					"$(OTHER_CFLAGS)",
					"-DFOLLY_NO_CONFIG",
					"-DFOLLY_MOBILE=1",
					"-DFOLLY_USE_LIBCPP=1",
				);
				REACT_NATIVE_PATH = "${PODS_ROOT}/../../node_modules/react-native";
				SDKROOT = iphoneos;
				VALIDATE_PRODUCT = YES;
			};
			name = Release;
		};
/* End XCBuildConfiguration section */

/* Begin XCConfigurationList section */
		00E357021AD99517003FC87E /* Build configuration list for PBXNativeTarget "FudMongerTests" */ = {
			isa = XCConfigurationList;
			buildConfigurations = (
				00E356F61AD99517003FC87E /* Debug */,
				00E356F71AD99517003FC87E /* Release */,
			);
			defaultConfigurationIsVisible = 0;
			defaultConfigurationName = Release;
		};
		13B07F931A680F5B00A75B9A /* Build configuration list for PBXNativeTarget "FudMonger" */ = {
			isa = XCConfigurationList;
			buildConfigurations = (
				13B07F941A680F5B00A75B9A /* Debug */,
				13B07F951A680F5B00A75B9A /* Release */,
			);
			defaultConfigurationIsVisible = 0;
			defaultConfigurationName = Release;
		};
		83CBB9FA1A601CBA00E9B192 /* Build configuration list for PBXProject "FudMonger" */ = {
			isa = XCConfigurationList;
			buildConfigurations = (
				83CBBA201A601CBA00E9B192 /* Debug */,
				83CBBA211A601CBA00E9B192 /* Release */,
			);
			defaultConfigurationIsVisible = 0;
			defaultConfigurationName = Release;
		};
/* End XCConfigurationList section */
	};
	rootObject = 83CBB9F71A601CBA00E9B192 /* Project object */;
}
